
Microsoft Visual Studio Solution File, Format Version 12.00
# Visual Studio Version 17
VisualStudioVersion = 17.9.34622.214
MinimumVisualStudioVersion = 10.0.40219.1
Project("{FAE04EC0-301F-11D3-BF4B-00C04F79EFBC}") = "Task0", "Task0\Task0.csproj", "{84431024-DAA3-4EF9-9FE2-EA8684DAA503}"
EndProject
Project("{FAE04EC0-301F-11D3-BF4B-00C04F79EFBC}") = "TestProject1", "TestProject1\TestProject1.csproj", "{A1F88565-AA23-4E2E-B102-E034A0B3EBBD}"
EndProject
Global
	GlobalSection(SolutionConfigurationPlatforms) = preSolution
		Debug|Any CPU = Debug|Any CPU
		Release|Any CPU = Release|Any CPU
	EndGlobalSection
	GlobalSection(ProjectConfigurationPlatforms) = postSolution
		{84431024-DAA3-4EF9-9FE2-EA8684DAA503}.Debug|Any CPU.ActiveCfg = Debug|Any CPU
		{84431024-DAA3-4EF9-9FE2-EA8684DAA503}.Debug|Any CPU.Build.0 = Debug|Any CPU
		{84431024-DAA3-4EF9-9FE2-EA8684DAA503}.Release|Any CPU.ActiveCfg = Release|Any CPU
		{84431024-DAA3-4EF9-9FE2-EA8684DAA503}.Release|Any CPU.Build.0 = Release|Any CPU
		{A1F88565-AA23-4E2E-B102-E034A0B3EBBD}.Debug|Any CPU.ActiveCfg = Debug|Any CPU
		{A1F88565-AA23-4E2E-B102-E034A0B3EBBD}.Debug|Any CPU.Build.0 = Debug|Any CPU
		{A1F88565-AA23-4E2E-B102-E034A0B3EBBD}.Release|Any CPU.ActiveCfg = Release|Any CPU
		{A1F88565-AA23-4E2E-B102-E034A0B3EBBD}.Release|Any CPU.Build.0 = Release|Any CPU
	EndGlobalSection
	GlobalSection(SolutionProperties) = preSolution
		HideSolutionNode = FALSE
	EndGlobalSection
	GlobalSection(ExtensibilityGlobals) = postSolution
		SolutionGuid = {A775C0DA-2ED0-4F0B-829F-600F0818EF5D}
	EndGlobalSection
EndGlobal
